
Microsoft Visual Studio Solution File, Format Version 12.00
# Visual Studio Version 17
VisualStudioVersion = 17.0.31903.59
MinimumVisualStudioVersion = 10.0.40219.1
Project("{2150E333-8FDC-42A3-9474-1A3956D46DE8}") = "APIGateway", "APIGateway", "{25D181DD-5CC9-F0B3-C64F-91E1AA77FD70}"
EndProject
Project("{FAE04EC0-301F-11D3-BF4B-00C04F79EFBC}") = "ApiGateway", "APIGateway\ApiGateway\ApiGateway.csproj", "{A6554EEF-B1F7-4941-A701-99E7B3F5F3F5}"
EndProject
Project("{2150E333-8FDC-42A3-9474-1A3956D46DE8}") = "AuthService", "AuthService", "{54C27F26-71CB-9721-02CF-9E5332C2F895}"
EndProject
Project("{FAE04EC0-301F-11D3-BF4B-00C04F79EFBC}") = "AuthService.API", "AuthService\AuthService.API\AuthService.API.csproj", "{4456C282-5C8A-4C3F-A77F-32CC25146EAB}"
EndProject
Project("{2150E333-8FDC-42A3-9474-1A3956D46DE8}") = "OwnerService", "OwnerService", "{37FF0E52-D6A8-9323-DC23-E6952536808E}"
EndProject
Project("{FAE04EC0-301F-11D3-BF4B-00C04F79EFBC}") = "OwnerService.API", "OwnerService\OwnerService.API\OwnerService.API.csproj", "{2269B08A-F8AA-4B8A-A45C-CE57ACC58AAA}"
EndProject
Project("{2150E333-8FDC-42A3-9474-1A3956D46DE8}") = "PropertyService", "PropertyService", "{7CC6982A-0FFE-F09A-1E13-6E66C2D6473F}"
EndProject
Project("{FAE04EC0-301F-11D3-BF4B-00C04F79EFBC}") = "PropertyService.API", "PropertyService\PropertyService.API\PropertyService.API.csproj", "{1A669C69-F4F3-46BB-B21E-DB6F2FF12051}"
EndProject
Project("{FAE04EC0-301F-11D3-BF4B-00C04F79EFBC}") = "WebApp", "WebApp\WebApp.csproj", "{CD6E4EBA-8CCA-4236-9E98-B6BE041F59F8}"
EndProject
Global
	GlobalSection(SolutionConfigurationPlatforms) = preSolution
		Debug|Any CPU = Debug|Any CPU
		Debug|x64 = Debug|x64
		Debug|x86 = Debug|x86
		Release|Any CPU = Release|Any CPU
		Release|x64 = Release|x64
		Release|x86 = Release|x86
	EndGlobalSection
	GlobalSection(ProjectConfigurationPlatforms) = postSolution
		{A6554EEF-B1F7-4941-A701-99E7B3F5F3F5}.Debug|Any CPU.ActiveCfg = Debug|Any CPU
		{A6554EEF-B1F7-4941-A701-99E7B3F5F3F5}.Debug|Any CPU.Build.0 = Debug|Any CPU
		{A6554EEF-B1F7-4941-A701-99E7B3F5F3F5}.Debug|x64.ActiveCfg = Debug|Any CPU
		{A6554EEF-B1F7-4941-A701-99E7B3F5F3F5}.Debug|x64.Build.0 = Debug|Any CPU
		{A6554EEF-B1F7-4941-A701-99E7B3F5F3F5}.Debug|x86.ActiveCfg = Debug|Any CPU
		{A6554EEF-B1F7-4941-A701-99E7B3F5F3F5}.Debug|x86.Build.0 = Debug|Any CPU
		{A6554EEF-B1F7-4941-A701-99E7B3F5F3F5}.Release|Any CPU.ActiveCfg = Release|Any CPU
		{A6554EEF-B1F7-4941-A701-99E7B3F5F3F5}.Release|Any CPU.Build.0 = Release|Any CPU
		{A6554EEF-B1F7-4941-A701-99E7B3F5F3F5}.Release|x64.ActiveCfg = Release|Any CPU
		{A6554EEF-B1F7-4941-A701-99E7B3F5F3F5}.Release|x64.Build.0 = Release|Any CPU
		{A6554EEF-B1F7-4941-A701-99E7B3F5F3F5}.Release|x86.ActiveCfg = Release|Any CPU
		{A6554EEF-B1F7-4941-A701-99E7B3F5F3F5}.Release|x86.Build.0 = Release|Any CPU
		{4456C282-5C8A-4C3F-A77F-32CC25146EAB}.Debug|Any CPU.ActiveCfg = Debug|Any CPU
		{4456C282-5C8A-4C3F-A77F-32CC25146EAB}.Debug|Any CPU.Build.0 = Debug|Any CPU
		{4456C282-5C8A-4C3F-A77F-32CC25146EAB}.Debug|x64.ActiveCfg = Debug|Any CPU
		{4456C282-5C8A-4C3F-A77F-32CC25146EAB}.Debug|x64.Build.0 = Debug|Any CPU
		{4456C282-5C8A-4C3F-A77F-32CC25146EAB}.Debug|x86.ActiveCfg = Debug|Any CPU
		{4456C282-5C8A-4C3F-A77F-32CC25146EAB}.Debug|x86.Build.0 = Debug|Any CPU
		{4456C282-5C8A-4C3F-A77F-32CC25146EAB}.Release|Any CPU.ActiveCfg = Release|Any CPU
		{4456C282-5C8A-4C3F-A77F-32CC25146EAB}.Release|Any CPU.Build.0 = Release|Any CPU
		{4456C282-5C8A-4C3F-A77F-32CC25146EAB}.Release|x64.ActiveCfg = Release|Any CPU
		{4456C282-5C8A-4C3F-A77F-32CC25146EAB}.Release|x64.Build.0 = Release|Any CPU
		{4456C282-5C8A-4C3F-A77F-32CC25146EAB}.Release|x86.ActiveCfg = Release|Any CPU
		{4456C282-5C8A-4C3F-A77F-32CC25146EAB}.Release|x86.Build.0 = Release|Any CPU
		{2269B08A-F8AA-4B8A-A45C-CE57ACC58AAA}.Debug|Any CPU.ActiveCfg = Debug|Any CPU
		{2269B08A-F8AA-4B8A-A45C-CE57ACC58AAA}.Debug|Any CPU.Build.0 = Debug|Any CPU
		{2269B08A-F8AA-4B8A-A45C-CE57ACC58AAA}.Debug|x64.ActiveCfg = Debug|Any CPU
		{2269B08A-F8AA-4B8A-A45C-CE57ACC58AAA}.Debug|x64.Build.0 = Debug|Any CPU
		{2269B08A-F8AA-4B8A-A45C-CE57ACC58AAA}.Debug|x86.ActiveCfg = Debug|Any CPU
		{2269B08A-F8AA-4B8A-A45C-CE57ACC58AAA}.Debug|x86.Build.0 = Debug|Any CPU
		{2269B08A-F8AA-4B8A-A45C-CE57ACC58AAA}.Release|Any CPU.ActiveCfg = Release|Any CPU
		{2269B08A-F8AA-4B8A-A45C-CE57ACC58AAA}.Release|Any CPU.Build.0 = Release|Any CPU
		{2269B08A-F8AA-4B8A-A45C-CE57ACC58AAA}.Release|x64.ActiveCfg = Release|Any CPU
		{2269B08A-F8AA-4B8A-A45C-CE57ACC58AAA}.Release|x64.Build.0 = Release|Any CPU
		{2269B08A-F8AA-4B8A-A45C-CE57ACC58AAA}.Release|x86.ActiveCfg = Release|Any CPU
		{2269B08A-F8AA-4B8A-A45C-CE57ACC58AAA}.Release|x86.Build.0 = Release|Any CPU
		{1A669C69-F4F3-46BB-B21E-DB6F2FF12051}.Debug|Any CPU.ActiveCfg = Debug|Any CPU
		{1A669C69-F4F3-46BB-B21E-DB6F2FF12051}.Debug|Any CPU.Build.0 = Debug|Any CPU
		{1A669C69-F4F3-46BB-B21E-DB6F2FF12051}.Debug|x64.ActiveCfg = Debug|Any CPU
		{1A669C69-F4F3-46BB-B21E-DB6F2FF12051}.Debug|x64.Build.0 = Debug|Any CPU
		{1A669C69-F4F3-46BB-B21E-DB6F2FF12051}.Debug|x86.ActiveCfg = Debug|Any CPU
		{1A669C69-F4F3-46BB-B21E-DB6F2FF12051}.Debug|x86.Build.0 = Debug|Any CPU
		{1A669C69-F4F3-46BB-B21E-DB6F2FF12051}.Release|Any CPU.ActiveCfg = Release|Any CPU
		{1A669C69-F4F3-46BB-B21E-DB6F2FF12051}.Release|Any CPU.Build.0 = Release|Any CPU
		{1A669C69-F4F3-46BB-B21E-DB6F2FF12051}.Release|x64.ActiveCfg = Release|Any CPU
		{1A669C69-F4F3-46BB-B21E-DB6F2FF12051}.Release|x64.Build.0 = Release|Any CPU
		{1A669C69-F4F3-46BB-B21E-DB6F2FF12051}.Release|x86.ActiveCfg = Release|Any CPU
		{1A669C69-F4F3-46BB-B21E-DB6F2FF12051}.Release|x86.Build.0 = Release|Any CPU
		{CD6E4EBA-8CCA-4236-9E98-B6BE041F59F8}.Debug|Any CPU.ActiveCfg = Debug|Any CPU
		{CD6E4EBA-8CCA-4236-9E98-B6BE041F59F8}.Debug|Any CPU.Build.0 = Debug|Any CPU
		{CD6E4EBA-8CCA-4236-9E98-B6BE041F59F8}.Debug|x64.ActiveCfg = Debug|Any CPU
		{CD6E4EBA-8CCA-4236-9E98-B6BE041F59F8}.Debug|x64.Build.0 = Debug|Any CPU
		{CD6E4EBA-8CCA-4236-9E98-B6BE041F59F8}.Debug|x86.ActiveCfg = Debug|Any CPU
		{CD6E4EBA-8CCA-4236-9E98-B6BE041F59F8}.Debug|x86.Build.0 = Debug|Any CPU
		{CD6E4EBA-8CCA-4236-9E98-B6BE041F59F8}.Release|Any CPU.ActiveCfg = Release|Any CPU
		{CD6E4EBA-8CCA-4236-9E98-B6BE041F59F8}.Release|Any CPU.Build.0 = Release|Any CPU
		{CD6E4EBA-8CCA-4236-9E98-B6BE041F59F8}.Release|x64.ActiveCfg = Release|Any CPU
		{CD6E4EBA-8CCA-4236-9E98-B6BE041F59F8}.Release|x64.Build.0 = Release|Any CPU
		{CD6E4EBA-8CCA-4236-9E98-B6BE041F59F8}.Release|x86.ActiveCfg = Release|Any CPU
		{CD6E4EBA-8CCA-4236-9E98-B6BE041F59F8}.Release|x86.Build.0 = Release|Any CPU
	EndGlobalSection
	GlobalSection(SolutionProperties) = preSolution
		HideSolutionNode = FALSE
	EndGlobalSection
	GlobalSection(NestedProjects) = preSolution
		{A6554EEF-B1F7-4941-A701-99E7B3F5F3F5} = {25D181DD-5CC9-F0B3-C64F-91E1AA77FD70}
		{4456C282-5C8A-4C3F-A77F-32CC25146EAB} = {54C27F26-71CB-9721-02CF-9E5332C2F895}
		{2269B08A-F8AA-4B8A-A45C-CE57ACC58AAA} = {37FF0E52-D6A8-9323-DC23-E6952536808E}
		{1A669C69-F4F3-46BB-B21E-DB6F2FF12051} = {7CC6982A-0FFE-F09A-1E13-6E66C2D6473F}
	EndGlobalSection
EndGlobal
